// !$*UTF8*$!
{
	archiveVersion = 1;
	classes = {
	};
	objectVersion = 51;
	objects = {

/* Begin PBXBuildFile section */
		1BD1EA98DFC469D10093D176 /* Pods_ARSearchShoppingApp.framework in Frameworks */ = {isa = PBXBuildFile; fileRef = 7594D7AAA6D48678113E44B4 /* Pods_ARSearchShoppingApp.framework */; };
		3946B4341872D88AEBFAB700 /* Pods_ARSearchShoppingAppTests.framework in Frameworks */ = {isa = PBXBuildFile; fileRef = A5CB4D80954F155F693CBAD2 /* Pods_ARSearchShoppingAppTests.framework */; };
		BB54BF6242BF8DE999EC62ED /* Pods_ARSearchShoppingApp_ARSearchShoppingAppUITests.framework in Frameworks */ = {isa = PBXBuildFile; fileRef = 551A4614E8EBED82FC1EB2BD /* Pods_ARSearchShoppingApp_ARSearchShoppingAppUITests.framework */; };
		DF0105AF2541B0D7003A8AD2 /* ARicon:Tab.png in Resources */ = {isa = PBXBuildFile; fileRef = DF0105AE2541B0D6003A8AD2 /* ARicon:Tab.png */; };
		DF0105B72541B38E003A8AD2 /* Staricon:Tab.png in Resources */ = {isa = PBXBuildFile; fileRef = DF0105B32541B38D003A8AD2 /* Staricon:Tab.png */; };
		DF0105B82541B38E003A8AD2 /* Homeicon:Tab.png in Resources */ = {isa = PBXBuildFile; fileRef = DF0105B42541B38D003A8AD2 /* Homeicon:Tab.png */; };
		DF0105B92541B38E003A8AD2 /* Settingicon:Tab.png in Resources */ = {isa = PBXBuildFile; fileRef = DF0105B52541B38E003A8AD2 /* Settingicon:Tab.png */; };
		DF0105BA2541B38E003A8AD2 /* Searchicon:Tab.png in Resources */ = {isa = PBXBuildFile; fileRef = DF0105B62541B38E003A8AD2 /* Searchicon:Tab.png */; };
		DF01060C2541BD2F003A8AD2 /* TopiconNavigationBarTitle.png in Resources */ = {isa = PBXBuildFile; fileRef = DF01060B2541BD2F003A8AD2 /* TopiconNavigationBarTitle.png */; };
		DF0106112541C4A0003A8AD2 /* homePR.jpeg in Resources */ = {isa = PBXBuildFile; fileRef = DF0106102541C4A0003A8AD2 /* homePR.jpeg */; };
		DF0106162541CA8A003A8AD2 /* Topicon:n.png in Resources */ = {isa = PBXBuildFile; fileRef = DF0106152541CA8A003A8AD2 /* Topicon:n.png */; };
		DF01061B2541CAFC003A8AD2 /* Topicon:nn.png in Resources */ = {isa = PBXBuildFile; fileRef = DF01061A2541CAFC003A8AD2 /* Topicon:nn.png */; };
		DF0106202541CD6D003A8AD2 /* Topicon:nnn.png in Resources */ = {isa = PBXBuildFile; fileRef = DF01061F2541CD6D003A8AD2 /* Topicon:nnn.png */; };
		DF55D68025761C2B006A94FA /* TapAnimation.json in Resources */ = {isa = PBXBuildFile; fileRef = DF55D67F25761C2B006A94FA /* TapAnimation.json */; };
		DF5E6B982547AD1800401495 /* 1000×1000.png in Resources */ = {isa = PBXBuildFile; fileRef = DF5E6B972547AD1800401495 /* 1000×1000.png */; };
		DF92A73F253DC392005DCCBB /* AppDelegate.swift in Sources */ = {isa = PBXBuildFile; fileRef = DF92A73E253DC392005DCCBB /* AppDelegate.swift */; };
		DF92A741253DC392005DCCBB /* art.scnassets in Resources */ = {isa = PBXBuildFile; fileRef = DF92A740253DC392005DCCBB /* art.scnassets */; };
		DF92A743253DC392005DCCBB /* ViewController.swift in Sources */ = {isa = PBXBuildFile; fileRef = DF92A742253DC392005DCCBB /* ViewController.swift */; };
		DF92A746253DC392005DCCBB /* Main.storyboard in Resources */ = {isa = PBXBuildFile; fileRef = DF92A744253DC392005DCCBB /* Main.storyboard */; };
		DF92A748253DC392005DCCBB /* Assets.xcassets in Resources */ = {isa = PBXBuildFile; fileRef = DF92A747253DC392005DCCBB /* Assets.xcassets */; };
		DF92A74B253DC392005DCCBB /* LaunchScreen.storyboard in Resources */ = {isa = PBXBuildFile; fileRef = DF92A749253DC392005DCCBB /* LaunchScreen.storyboard */; };
		DF92A756253DC392005DCCBB /* ARSearchShoppingAppTests.swift in Sources */ = {isa = PBXBuildFile; fileRef = DF92A755253DC392005DCCBB /* ARSearchShoppingAppTests.swift */; };
		DF92A761253DC392005DCCBB /* ARSearchShoppingAppUITests.swift in Sources */ = {isa = PBXBuildFile; fileRef = DF92A760253DC392005DCCBB /* ARSearchShoppingAppUITests.swift */; };
		DF92A778253DCB09005DCCBB /* HomeViewController.swift in Sources */ = {isa = PBXBuildFile; fileRef = DF92A777253DCB09005DCCBB /* HomeViewController.swift */; };
		DF92A77E253DE835005DCCBB /* Noimage-6.jpg in Resources */ = {isa = PBXBuildFile; fileRef = DF92A77D253DE835005DCCBB /* Noimage-6.jpg */; };
		DF92A795253FBE79005DCCBB /* setTabBarViewController.swift in Sources */ = {isa = PBXBuildFile; fileRef = DF92A794253FBE79005DCCBB /* setTabBarViewController.swift */; };
		DF92A79D253FC0FF005DCCBB /* NavigationViewController.swift in Sources */ = {isa = PBXBuildFile; fileRef = DF92A79C253FC0FF005DCCBB /* NavigationViewController.swift */; };
		DFA6E408254174E200772BFC /* arTabBarSettingViewController.swift in Sources */ = {isa = PBXBuildFile; fileRef = DFA6E407254174E200772BFC /* arTabBarSettingViewController.swift */; };
		DFAF8997256A2E3200D2F147 /* ARHomeBackgraund.jpg in Resources */ = {isa = PBXBuildFile; fileRef = DFAF8996256A2E3200D2F147 /* ARHomeBackgraund.jpg */; };
		DFAF899C256A2F0600D2F147 /* ARHomeViewController.swift in Sources */ = {isa = PBXBuildFile; fileRef = DFAF899B256A2F0600D2F147 /* ARHomeViewController.swift */; };
		DFAF89A1256A3D9F00D2F147 /* kadenimage.jpg in Resources */ = {isa = PBXBuildFile; fileRef = DFAF89A0256A3D9F00D2F147 /* kadenimage.jpg */; };
		DFAF89A6256A3DA500D2F147 /* interiorimage.jpg in Resources */ = {isa = PBXBuildFile; fileRef = DFAF89A5256A3DA500D2F147 /* interiorimage.jpg */; };
		DFAF89AB256A3EF300D2F147 /* CategoryChoiceViewController.swift in Sources */ = {isa = PBXBuildFile; fileRef = DFAF89AA256A3EF300D2F147 /* CategoryChoiceViewController.swift */; };
		DFAF89B1256A491900D2F147 /* KadenCollectionViewCell.swift in Sources */ = {isa = PBXBuildFile; fileRef = DFAF89AF256A491900D2F147 /* KadenCollectionViewCell.swift */; };
		DFAF89B2256A491900D2F147 /* KadenCollectionViewCell.xib in Resources */ = {isa = PBXBuildFile; fileRef = DFAF89B0256A491900D2F147 /* KadenCollectionViewCell.xib */; };
		DFAF89B7256A4B9C00D2F147 /* ARKadenCategoryChoiceViewController.swift in Sources */ = {isa = PBXBuildFile; fileRef = DFAF89B6256A4B9C00D2F147 /* ARKadenCategoryChoiceViewController.swift */; };
		DFAF89CC256A691100D2F147 /* GoogleService-Info.plist in Resources */ = {isa = PBXBuildFile; fileRef = DFAF89CB256A691100D2F147 /* GoogleService-Info.plist */; };
		DFAF89D1256AAF3B00D2F147 /* KadenChoiceViewController.swift in Sources */ = {isa = PBXBuildFile; fileRef = DFAF89D0256AAF3B00D2F147 /* KadenChoiceViewController.swift */; };
		DFAF89D6256AB2C400D2F147 /* Washingmachine.jpg in Resources */ = {isa = PBXBuildFile; fileRef = DFAF89D5256AB2C400D2F147 /* Washingmachine.jpg */; };
		DFAF89DB256ABAE200D2F147 /* TVimage.jpg in Resources */ = {isa = PBXBuildFile; fileRef = DFAF89DA256ABAE200D2F147 /* TVimage.jpg */; };
		DFAF89E0256ABC9100D2F147 /* TVbackimage.jpeg in Resources */ = {isa = PBXBuildFile; fileRef = DFAF89DF256ABC9100D2F147 /* TVbackimage.jpeg */; };
		DFAF89E5256AC21E00D2F147 /* AirPurifier.jpg in Resources */ = {isa = PBXBuildFile; fileRef = DFAF89E4256AC21E00D2F147 /* AirPurifier.jpg */; };
		DFAF89EA256AC30500D2F147 /* heater.jpg in Resources */ = {isa = PBXBuildFile; fileRef = DFAF89E9256AC30500D2F147 /* heater.jpg */; };
		DFAF89F1256AC6C800D2F147 /* refrigerator.jpg in Resources */ = {isa = PBXBuildFile; fileRef = DFAF89EE256AC6C700D2F147 /* refrigerator.jpg */; };
		DFAF89F2256AC6C800D2F147 /* raice.jpg in Resources */ = {isa = PBXBuildFile; fileRef = DFAF89EF256AC6C800D2F147 /* raice.jpg */; };
		DFAF89F3256AC6C800D2F147 /* MicroWave.jpg in Resources */ = {isa = PBXBuildFile; fileRef = DFAF89F0256AC6C800D2F147 /* MicroWave.jpg */; };
		DFAF89F8256B7EAD00D2F147 /* SearchResultsViewController.swift in Sources */ = {isa = PBXBuildFile; fileRef = DFAF89F7256B7EAD00D2F147 /* SearchResultsViewController.swift */; };
		DFAF8A18256C11E500D2F147 /* ARAnimation.json in Resources */ = {isa = PBXBuildFile; fileRef = DFAF8A17256C11E500D2F147 /* ARAnimation.json */; };
		DFE6370D257CCFBC0025C544 /* WinCellar.jpg in Resources */ = {isa = PBXBuildFile; fileRef = DFE6370C257CCFBC0025C544 /* WinCellar.jpg */; };
		DFE63712257CD3C70025C544 /* CoffeMaker.jpg in Resources */ = {isa = PBXBuildFile; fileRef = DFE63711257CD3C70025C544 /* CoffeMaker.jpg */; };
		DFE63717257CD4250025C544 /* kashituki.jpg in Resources */ = {isa = PBXBuildFile; fileRef = DFE63716257CD4250025C544 /* kashituki.jpg */; };
		DFE6371C257CD4B50025C544 /* wineceller1.jpg in Resources */ = {isa = PBXBuildFile; fileRef = DFE6371B257CD4B50025C544 /* wineceller1.jpg */; };
		DFE63721257CE3F00025C544 /* InteriorChoiceViewController.swift in Sources */ = {isa = PBXBuildFile; fileRef = DFE63720257CE3F00025C544 /* InteriorChoiceViewController.swift */; };
		DFF33A03256546E400BC8404 /* SearchBtn.png in Resources */ = {isa = PBXBuildFile; fileRef = DFF33A02256546E400BC8404 /* SearchBtn.png */; };
/* End PBXBuildFile section */

/* Begin PBXContainerItemProxy section */
		DF92A752253DC392005DCCBB /* PBXContainerItemProxy */ = {
			isa = PBXContainerItemProxy;
			containerPortal = DF92A733253DC392005DCCBB /* Project object */;
			proxyType = 1;
			remoteGlobalIDString = DF92A73A253DC392005DCCBB;
			remoteInfo = ARSearchShoppingApp;
		};
		DF92A75D253DC392005DCCBB /* PBXContainerItemProxy */ = {
			isa = PBXContainerItemProxy;
			containerPortal = DF92A733253DC392005DCCBB /* Project object */;
			proxyType = 1;
			remoteGlobalIDString = DF92A73A253DC392005DCCBB;
			remoteInfo = ARSearchShoppingApp;
		};
/* End PBXContainerItemProxy section */

/* Begin PBXFileReference section */
		06E2D71AE3FD49BFA6C6E5D2 /* Pods-ARSearchShoppingApp.release.xcconfig */ = {isa = PBXFileReference; includeInIndex = 1; lastKnownFileType = text.xcconfig; name = "Pods-ARSearchShoppingApp.release.xcconfig"; path = "Target Support Files/Pods-ARSearchShoppingApp/Pods-ARSearchShoppingApp.release.xcconfig"; sourceTree = "<group>"; };
		265A708E42EA24C94D78FFEF /* Pods-ARSearchShoppingAppTests.debug.xcconfig */ = {isa = PBXFileReference; includeInIndex = 1; lastKnownFileType = text.xcconfig; name = "Pods-ARSearchShoppingAppTests.debug.xcconfig"; path = "Target Support Files/Pods-ARSearchShoppingAppTests/Pods-ARSearchShoppingAppTests.debug.xcconfig"; sourceTree = "<group>"; };
		4B54938BE16E702F249A9AD1 /* Pods-ARSearchShoppingAppTests.release.xcconfig */ = {isa = PBXFileReference; includeInIndex = 1; lastKnownFileType = text.xcconfig; name = "Pods-ARSearchShoppingAppTests.release.xcconfig"; path = "Target Support Files/Pods-ARSearchShoppingAppTests/Pods-ARSearchShoppingAppTests.release.xcconfig"; sourceTree = "<group>"; };
		551A4614E8EBED82FC1EB2BD /* Pods_ARSearchShoppingApp_ARSearchShoppingAppUITests.framework */ = {isa = PBXFileReference; explicitFileType = wrapper.framework; includeInIndex = 0; path = Pods_ARSearchShoppingApp_ARSearchShoppingAppUITests.framework; sourceTree = BUILT_PRODUCTS_DIR; };
		7594D7AAA6D48678113E44B4 /* Pods_ARSearchShoppingApp.framework */ = {isa = PBXFileReference; explicitFileType = wrapper.framework; includeInIndex = 0; path = Pods_ARSearchShoppingApp.framework; sourceTree = BUILT_PRODUCTS_DIR; };
		A16E23F209C350EEE8D48E72 /* Pods-ARSearchShoppingApp-ARSearchShoppingAppUITests.release.xcconfig */ = {isa = PBXFileReference; includeInIndex = 1; lastKnownFileType = text.xcconfig; name = "Pods-ARSearchShoppingApp-ARSearchShoppingAppUITests.release.xcconfig"; path = "Target Support Files/Pods-ARSearchShoppingApp-ARSearchShoppingAppUITests/Pods-ARSearchShoppingApp-ARSearchShoppingAppUITests.release.xcconfig"; sourceTree = "<group>"; };
		A5CB4D80954F155F693CBAD2 /* Pods_ARSearchShoppingAppTests.framework */ = {isa = PBXFileReference; explicitFileType = wrapper.framework; includeInIndex = 0; path = Pods_ARSearchShoppingAppTests.framework; sourceTree = BUILT_PRODUCTS_DIR; };
		DF0105AE2541B0D6003A8AD2 /* ARicon:Tab.png */ = {isa = PBXFileReference; lastKnownFileType = image.png; path = "ARicon:Tab.png"; sourceTree = "<group>"; };
		DF0105B32541B38D003A8AD2 /* Staricon:Tab.png */ = {isa = PBXFileReference; lastKnownFileType = image.png; path = "Staricon:Tab.png"; sourceTree = "<group>"; };
		DF0105B42541B38D003A8AD2 /* Homeicon:Tab.png */ = {isa = PBXFileReference; lastKnownFileType = image.png; path = "Homeicon:Tab.png"; sourceTree = "<group>"; };
		DF0105B52541B38E003A8AD2 /* Settingicon:Tab.png */ = {isa = PBXFileReference; lastKnownFileType = image.png; path = "Settingicon:Tab.png"; sourceTree = "<group>"; };
		DF0105B62541B38E003A8AD2 /* Searchicon:Tab.png */ = {isa = PBXFileReference; lastKnownFileType = image.png; path = "Searchicon:Tab.png"; sourceTree = "<group>"; };
		DF01060B2541BD2F003A8AD2 /* TopiconNavigationBarTitle.png */ = {isa = PBXFileReference; lastKnownFileType = image.png; path = TopiconNavigationBarTitle.png; sourceTree = "<group>"; };
		DF0106102541C4A0003A8AD2 /* homePR.jpeg */ = {isa = PBXFileReference; lastKnownFileType = image.jpeg; path = homePR.jpeg; sourceTree = "<group>"; };
		DF0106152541CA8A003A8AD2 /* Topicon:n.png */ = {isa = PBXFileReference; lastKnownFileType = image.png; path = "Topicon:n.png"; sourceTree = "<group>"; };
		DF01061A2541CAFC003A8AD2 /* Topicon:nn.png */ = {isa = PBXFileReference; lastKnownFileType = image.png; path = "Topicon:nn.png"; sourceTree = "<group>"; };
		DF01061F2541CD6D003A8AD2 /* Topicon:nnn.png */ = {isa = PBXFileReference; lastKnownFileType = image.png; path = "Topicon:nnn.png"; sourceTree = "<group>"; };
		DF55D67F25761C2B006A94FA /* TapAnimation.json */ = {isa = PBXFileReference; fileEncoding = 4; lastKnownFileType = text.json; path = TapAnimation.json; sourceTree = "<group>"; };
		DF5E6B972547AD1800401495 /* 1000×1000.png */ = {isa = PBXFileReference; lastKnownFileType = image.png; path = "1000×1000.png"; sourceTree = "<group>"; };
		DF92A73B253DC392005DCCBB /* ARSearchShoppingApp.app */ = {isa = PBXFileReference; explicitFileType = wrapper.application; includeInIndex = 0; path = ARSearchShoppingApp.app; sourceTree = BUILT_PRODUCTS_DIR; };
		DF92A73E253DC392005DCCBB /* AppDelegate.swift */ = {isa = PBXFileReference; lastKnownFileType = sourcecode.swift; path = AppDelegate.swift; sourceTree = "<group>"; };
		DF92A740253DC392005DCCBB /* art.scnassets */ = {isa = PBXFileReference; lastKnownFileType = wrapper.scnassets; path = art.scnassets; sourceTree = "<group>"; };
		DF92A742253DC392005DCCBB /* ViewController.swift */ = {isa = PBXFileReference; lastKnownFileType = sourcecode.swift; path = ViewController.swift; sourceTree = "<group>"; };
		DF92A745253DC392005DCCBB /* Base */ = {isa = PBXFileReference; lastKnownFileType = file.storyboard; name = Base; path = Base.lproj/Main.storyboard; sourceTree = "<group>"; };
		DF92A747253DC392005DCCBB /* Assets.xcassets */ = {isa = PBXFileReference; lastKnownFileType = folder.assetcatalog; path = Assets.xcassets; sourceTree = "<group>"; };
		DF92A74A253DC392005DCCBB /* Base */ = {isa = PBXFileReference; lastKnownFileType = file.storyboard; name = Base; path = Base.lproj/LaunchScreen.storyboard; sourceTree = "<group>"; };
		DF92A74C253DC392005DCCBB /* Info.plist */ = {isa = PBXFileReference; lastKnownFileType = text.plist.xml; path = Info.plist; sourceTree = "<group>"; };
		DF92A751253DC392005DCCBB /* ARSearchShoppingAppTests.xctest */ = {isa = PBXFileReference; explicitFileType = wrapper.cfbundle; includeInIndex = 0; path = ARSearchShoppingAppTests.xctest; sourceTree = BUILT_PRODUCTS_DIR; };
		DF92A755253DC392005DCCBB /* ARSearchShoppingAppTests.swift */ = {isa = PBXFileReference; lastKnownFileType = sourcecode.swift; path = ARSearchShoppingAppTests.swift; sourceTree = "<group>"; };
		DF92A757253DC392005DCCBB /* Info.plist */ = {isa = PBXFileReference; lastKnownFileType = text.plist.xml; path = Info.plist; sourceTree = "<group>"; };
		DF92A75C253DC392005DCCBB /* ARSearchShoppingAppUITests.xctest */ = {isa = PBXFileReference; explicitFileType = wrapper.cfbundle; includeInIndex = 0; path = ARSearchShoppingAppUITests.xctest; sourceTree = BUILT_PRODUCTS_DIR; };
		DF92A760253DC392005DCCBB /* ARSearchShoppingAppUITests.swift */ = {isa = PBXFileReference; lastKnownFileType = sourcecode.swift; path = ARSearchShoppingAppUITests.swift; sourceTree = "<group>"; };
		DF92A762253DC392005DCCBB /* Info.plist */ = {isa = PBXFileReference; lastKnownFileType = text.plist.xml; path = Info.plist; sourceTree = "<group>"; };
		DF92A777253DCB09005DCCBB /* HomeViewController.swift */ = {isa = PBXFileReference; lastKnownFileType = sourcecode.swift; path = HomeViewController.swift; sourceTree = "<group>"; };
		DF92A77D253DE835005DCCBB /* Noimage-6.jpg */ = {isa = PBXFileReference; lastKnownFileType = image.jpeg; path = "Noimage-6.jpg"; sourceTree = "<group>"; };
		DF92A794253FBE79005DCCBB /* setTabBarViewController.swift */ = {isa = PBXFileReference; lastKnownFileType = sourcecode.swift; path = setTabBarViewController.swift; sourceTree = "<group>"; };
		DF92A79C253FC0FF005DCCBB /* NavigationViewController.swift */ = {isa = PBXFileReference; lastKnownFileType = sourcecode.swift; path = NavigationViewController.swift; sourceTree = "<group>"; };
		DFA6E407254174E200772BFC /* arTabBarSettingViewController.swift */ = {isa = PBXFileReference; lastKnownFileType = sourcecode.swift; path = arTabBarSettingViewController.swift; sourceTree = "<group>"; };
		DFAF8996256A2E3200D2F147 /* ARHomeBackgraund.jpg */ = {isa = PBXFileReference; lastKnownFileType = image.jpeg; path = ARHomeBackgraund.jpg; sourceTree = "<group>"; };
		DFAF899B256A2F0600D2F147 /* ARHomeViewController.swift */ = {isa = PBXFileReference; lastKnownFileType = sourcecode.swift; path = ARHomeViewController.swift; sourceTree = "<group>"; };
		DFAF89A0256A3D9F00D2F147 /* kadenimage.jpg */ = {isa = PBXFileReference; lastKnownFileType = image.jpeg; path = kadenimage.jpg; sourceTree = "<group>"; };
		DFAF89A5256A3DA500D2F147 /* interiorimage.jpg */ = {isa = PBXFileReference; lastKnownFileType = image.jpeg; path = interiorimage.jpg; sourceTree = "<group>"; };
		DFAF89AA256A3EF300D2F147 /* CategoryChoiceViewController.swift */ = {isa = PBXFileReference; lastKnownFileType = sourcecode.swift; path = CategoryChoiceViewController.swift; sourceTree = "<group>"; };
		DFAF89AF256A491900D2F147 /* KadenCollectionViewCell.swift */ = {isa = PBXFileReference; lastKnownFileType = sourcecode.swift; path = KadenCollectionViewCell.swift; sourceTree = "<group>"; };
		DFAF89B0256A491900D2F147 /* KadenCollectionViewCell.xib */ = {isa = PBXFileReference; lastKnownFileType = file.xib; path = KadenCollectionViewCell.xib; sourceTree = "<group>"; };
		DFAF89B6256A4B9C00D2F147 /* ARKadenCategoryChoiceViewController.swift */ = {isa = PBXFileReference; lastKnownFileType = sourcecode.swift; path = ARKadenCategoryChoiceViewController.swift; sourceTree = "<group>"; };
		DFAF89CB256A691100D2F147 /* GoogleService-Info.plist */ = {isa = PBXFileReference; fileEncoding = 4; lastKnownFileType = text.plist.xml; path = "GoogleService-Info.plist"; sourceTree = "<group>"; };
		DFAF89D0256AAF3B00D2F147 /* KadenChoiceViewController.swift */ = {isa = PBXFileReference; lastKnownFileType = sourcecode.swift; path = KadenChoiceViewController.swift; sourceTree = "<group>"; };
		DFAF89D5256AB2C400D2F147 /* Washingmachine.jpg */ = {isa = PBXFileReference; lastKnownFileType = image.jpeg; path = Washingmachine.jpg; sourceTree = "<group>"; };
		DFAF89DA256ABAE200D2F147 /* TVimage.jpg */ = {isa = PBXFileReference; lastKnownFileType = image.jpeg; path = TVimage.jpg; sourceTree = "<group>"; };
		DFAF89DF256ABC9100D2F147 /* TVbackimage.jpeg */ = {isa = PBXFileReference; lastKnownFileType = image.jpeg; path = TVbackimage.jpeg; sourceTree = "<group>"; };
		DFAF89E4256AC21E00D2F147 /* AirPurifier.jpg */ = {isa = PBXFileReference; lastKnownFileType = image.jpeg; path = AirPurifier.jpg; sourceTree = "<group>"; };
		DFAF89E9256AC30500D2F147 /* heater.jpg */ = {isa = PBXFileReference; lastKnownFileType = image.jpeg; path = heater.jpg; sourceTree = "<group>"; };
		DFAF89EE256AC6C700D2F147 /* refrigerator.jpg */ = {isa = PBXFileReference; lastKnownFileType = image.jpeg; path = refrigerator.jpg; sourceTree = "<group>"; };
		DFAF89EF256AC6C800D2F147 /* raice.jpg */ = {isa = PBXFileReference; lastKnownFileType = image.jpeg; path = raice.jpg; sourceTree = "<group>"; };
		DFAF89F0256AC6C800D2F147 /* MicroWave.jpg */ = {isa = PBXFileReference; lastKnownFileType = image.jpeg; path = MicroWave.jpg; sourceTree = "<group>"; };
		DFAF89F7256B7EAD00D2F147 /* SearchResultsViewController.swift */ = {isa = PBXFileReference; lastKnownFileType = sourcecode.swift; path = SearchResultsViewController.swift; sourceTree = "<group>"; };
		DFAF8A17256C11E500D2F147 /* ARAnimation.json */ = {isa = PBXFileReference; fileEncoding = 4; lastKnownFileType = text.json; path = ARAnimation.json; sourceTree = "<group>"; };
		DFE6370C257CCFBC0025C544 /* WinCellar.jpg */ = {isa = PBXFileReference; lastKnownFileType = image.jpeg; path = WinCellar.jpg; sourceTree = "<group>"; };
		DFE63711257CD3C70025C544 /* CoffeMaker.jpg */ = {isa = PBXFileReference; lastKnownFileType = image.jpeg; path = CoffeMaker.jpg; sourceTree = "<group>"; };
		DFE63716257CD4250025C544 /* kashituki.jpg */ = {isa = PBXFileReference; lastKnownFileType = image.jpeg; path = kashituki.jpg; sourceTree = "<group>"; };
		DFE6371B257CD4B50025C544 /* wineceller1.jpg */ = {isa = PBXFileReference; lastKnownFileType = image.jpeg; path = wineceller1.jpg; sourceTree = "<group>"; };
		DFE63720257CE3F00025C544 /* InteriorChoiceViewController.swift */ = {isa = PBXFileReference; lastKnownFileType = sourcecode.swift; path = InteriorChoiceViewController.swift; sourceTree = "<group>"; };
		DFF33A02256546E400BC8404 /* SearchBtn.png */ = {isa = PBXFileReference; lastKnownFileType = image.png; path = SearchBtn.png; sourceTree = "<group>"; };
		F1251BAB0BFDC3C0ABA26AAE /* Pods-ARSearchShoppingApp.debug.xcconfig */ = {isa = PBXFileReference; includeInIndex = 1; lastKnownFileType = text.xcconfig; name = "Pods-ARSearchShoppingApp.debug.xcconfig"; path = "Target Support Files/Pods-ARSearchShoppingApp/Pods-ARSearchShoppingApp.debug.xcconfig"; sourceTree = "<group>"; };
		F93D376299CF119778C8D5FF /* Pods-ARSearchShoppingApp-ARSearchShoppingAppUITests.debug.xcconfig */ = {isa = PBXFileReference; includeInIndex = 1; lastKnownFileType = text.xcconfig; name = "Pods-ARSearchShoppingApp-ARSearchShoppingAppUITests.debug.xcconfig"; path = "Target Support Files/Pods-ARSearchShoppingApp-ARSearchShoppingAppUITests/Pods-ARSearchShoppingApp-ARSearchShoppingAppUITests.debug.xcconfig"; sourceTree = "<group>"; };
/* End PBXFileReference section */

/* Begin PBXFrameworksBuildPhase section */
		DF92A738253DC392005DCCBB /* Frameworks */ = {
			isa = PBXFrameworksBuildPhase;
			buildActionMask = 2147483647;
			files = (
				1BD1EA98DFC469D10093D176 /* Pods_ARSearchShoppingApp.framework in Frameworks */,
			);
			runOnlyForDeploymentPostprocessing = 0;
		};
		DF92A74E253DC392005DCCBB /* Frameworks */ = {
			isa = PBXFrameworksBuildPhase;
			buildActionMask = 2147483647;
			files = (
				3946B4341872D88AEBFAB700 /* Pods_ARSearchShoppingAppTests.framework in Frameworks */,
			);
			runOnlyForDeploymentPostprocessing = 0;
		};
		DF92A759253DC392005DCCBB /* Frameworks */ = {
			isa = PBXFrameworksBuildPhase;
			buildActionMask = 2147483647;
			files = (
				BB54BF6242BF8DE999EC62ED /* Pods_ARSearchShoppingApp_ARSearchShoppingAppUITests.framework in Frameworks */,
			);
			runOnlyForDeploymentPostprocessing = 0;
		};
/* End PBXFrameworksBuildPhase section */

/* Begin PBXGroup section */
		9573F5D0DF53759BED688BB1 /* Frameworks */ = {
			isa = PBXGroup;
			children = (
				7594D7AAA6D48678113E44B4 /* Pods_ARSearchShoppingApp.framework */,
				551A4614E8EBED82FC1EB2BD /* Pods_ARSearchShoppingApp_ARSearchShoppingAppUITests.framework */,
				A5CB4D80954F155F693CBAD2 /* Pods_ARSearchShoppingAppTests.framework */,
			);
			name = Frameworks;
			sourceTree = "<group>";
		};
		DF92A732253DC392005DCCBB = {
			isa = PBXGroup;
			children = (
				DF92A73D253DC392005DCCBB /* ARSearchShoppingApp */,
				DF92A75F253DC392005DCCBB /* ARSearchShoppingAppUITests */,
				DF92A73C253DC392005DCCBB /* Products */,
				E656738CAF5F8A86F7B472B3 /* Pods */,
				9573F5D0DF53759BED688BB1 /* Frameworks */,
			);
			sourceTree = "<group>";
		};
		DF92A73C253DC392005DCCBB /* Products */ = {
			isa = PBXGroup;
			children = (
				DF92A73B253DC392005DCCBB /* ARSearchShoppingApp.app */,
				DF92A751253DC392005DCCBB /* ARSearchShoppingAppTests.xctest */,
				DF92A75C253DC392005DCCBB /* ARSearchShoppingAppUITests.xctest */,
			);
			name = Products;
			sourceTree = "<group>";
		};
		DF92A73D253DC392005DCCBB /* ARSearchShoppingApp */ = {
			isa = PBXGroup;
			children = (
				DFAF89CB256A691100D2F147 /* GoogleService-Info.plist */,
				DF92A754253DC392005DCCBB /* ARSearchShoppingAppTests */,
				DF92A773253DC3EC005DCCBB /* Controller */,
				DF92A771253DC3EC005DCCBB /* Model */,
				DF92A772253DC3EC005DCCBB /* View */,
				DF92A73E253DC392005DCCBB /* AppDelegate.swift */,
				DF92A740253DC392005DCCBB /* art.scnassets */,
				DF92A747253DC392005DCCBB /* Assets.xcassets */,
				DF92A74C253DC392005DCCBB /* Info.plist */,
			);
			path = ARSearchShoppingApp;
			sourceTree = "<group>";
		};
		DF92A754253DC392005DCCBB /* ARSearchShoppingAppTests */ = {
			isa = PBXGroup;
			children = (
				DF92A755253DC392005DCCBB /* ARSearchShoppingAppTests.swift */,
				DF92A757253DC392005DCCBB /* Info.plist */,
			);
			path = ARSearchShoppingAppTests;
			sourceTree = "<group>";
		};
		DF92A75F253DC392005DCCBB /* ARSearchShoppingAppUITests */ = {
			isa = PBXGroup;
			children = (
				DF92A760253DC392005DCCBB /* ARSearchShoppingAppUITests.swift */,
				DF92A762253DC392005DCCBB /* Info.plist */,
			);
			path = ARSearchShoppingAppUITests;
			sourceTree = "<group>";
		};
		DF92A771253DC3EC005DCCBB /* Model */ = {
			isa = PBXGroup;
			children = (
			);
			path = Model;
			sourceTree = "<group>";
		};
		DF92A772253DC3EC005DCCBB /* View */ = {
			isa = PBXGroup;
			children = (
				DFAF8A16256C11D900D2F147 /* Animation */,
				DF92A77C253DE7E1005DCCBB /* image */,
				DF92A749253DC392005DCCBB /* LaunchScreen.storyboard */,
				DF92A744253DC392005DCCBB /* Main.storyboard */,
				DF92A794253FBE79005DCCBB /* setTabBarViewController.swift */,
				DF92A79C253FC0FF005DCCBB /* NavigationViewController.swift */,
				DFAF89E9256AC30500D2F147 /* heater.jpg */,
				DFAF89AF256A491900D2F147 /* KadenCollectionViewCell.swift */,
				DFAF89B0256A491900D2F147 /* KadenCollectionViewCell.xib */,
			);
			path = View;
			sourceTree = "<group>";
		};
		DF92A773253DC3EC005DCCBB /* Controller */ = {
			isa = PBXGroup;
			children = (
				DF92A742253DC392005DCCBB /* ViewController.swift */,
				DF92A777253DCB09005DCCBB /* HomeViewController.swift */,
				DFA6E407254174E200772BFC /* arTabBarSettingViewController.swift */,
				DFAF899B256A2F0600D2F147 /* ARHomeViewController.swift */,
				DFAF89AA256A3EF300D2F147 /* CategoryChoiceViewController.swift */,
				DFAF89B6256A4B9C00D2F147 /* ARKadenCategoryChoiceViewController.swift */,
				DFAF89D0256AAF3B00D2F147 /* KadenChoiceViewController.swift */,
				DFAF89F7256B7EAD00D2F147 /* SearchResultsViewController.swift */,
				DFE63720257CE3F00025C544 /* InteriorChoiceViewController.swift */,
			);
			path = Controller;
			sourceTree = "<group>";
		};
		DF92A77C253DE7E1005DCCBB /* image */ = {
			isa = PBXGroup;
			children = (
				DFE63711257CD3C70025C544 /* CoffeMaker.jpg */,
				DFE6370C257CCFBC0025C544 /* WinCellar.jpg */,
				DFE6371B257CD4B50025C544 /* wineceller1.jpg */,
				DFAF89E4256AC21E00D2F147 /* AirPurifier.jpg */,
				DF0106102541C4A0003A8AD2 /* homePR.jpeg */,
				DF0105B42541B38D003A8AD2 /* Homeicon:Tab.png */,
				DFE63716257CD4250025C544 /* kashituki.jpg */,
				DFAF89DA256ABAE200D2F147 /* TVimage.jpg */,
				DFAF89D5256AB2C400D2F147 /* Washingmachine.jpg */,
				DFF33A02256546E400BC8404 /* SearchBtn.png */,
				DFAF89F0256AC6C800D2F147 /* MicroWave.jpg */,
				DFAF89EF256AC6C800D2F147 /* raice.jpg */,
				DFAF89EE256AC6C700D2F147 /* refrigerator.jpg */,
				DF0106152541CA8A003A8AD2 /* Topicon:n.png */,
				DF0105B62541B38E003A8AD2 /* Searchicon:Tab.png */,
				DFAF89A5256A3DA500D2F147 /* interiorimage.jpg */,
				DFAF89DF256ABC9100D2F147 /* TVbackimage.jpeg */,
				DFAF89A0256A3D9F00D2F147 /* kadenimage.jpg */,
				DF01061A2541CAFC003A8AD2 /* Topicon:nn.png */,
				DF01061F2541CD6D003A8AD2 /* Topicon:nnn.png */,
				DF0105B52541B38E003A8AD2 /* Settingicon:Tab.png */,
				DFAF8996256A2E3200D2F147 /* ARHomeBackgraund.jpg */,
				DF5E6B972547AD1800401495 /* 1000×1000.png */,
				DF0105B32541B38D003A8AD2 /* Staricon:Tab.png */,
				DF01060B2541BD2F003A8AD2 /* TopiconNavigationBarTitle.png */,
				DF0105AE2541B0D6003A8AD2 /* ARicon:Tab.png */,
				DF92A77D253DE835005DCCBB /* Noimage-6.jpg */,
			);
			path = image;
			sourceTree = "<group>";
		};
		DFAF8A16256C11D900D2F147 /* Animation */ = {
			isa = PBXGroup;
			children = (
				DF55D67F25761C2B006A94FA /* TapAnimation.json */,
				DFAF8A17256C11E500D2F147 /* ARAnimation.json */,
			);
			path = Animation;
			sourceTree = "<group>";
		};
		E656738CAF5F8A86F7B472B3 /* Pods */ = {
			isa = PBXGroup;
			children = (
				F1251BAB0BFDC3C0ABA26AAE /* Pods-ARSearchShoppingApp.debug.xcconfig */,
				06E2D71AE3FD49BFA6C6E5D2 /* Pods-ARSearchShoppingApp.release.xcconfig */,
				F93D376299CF119778C8D5FF /* Pods-ARSearchShoppingApp-ARSearchShoppingAppUITests.debug.xcconfig */,
				A16E23F209C350EEE8D48E72 /* Pods-ARSearchShoppingApp-ARSearchShoppingAppUITests.release.xcconfig */,
				265A708E42EA24C94D78FFEF /* Pods-ARSearchShoppingAppTests.debug.xcconfig */,
				4B54938BE16E702F249A9AD1 /* Pods-ARSearchShoppingAppTests.release.xcconfig */,
			);
			path = Pods;
			sourceTree = "<group>";
		};
/* End PBXGroup section */

/* Begin PBXNativeTarget section */
		DF92A73A253DC392005DCCBB /* ARSearchShoppingApp */ = {
			isa = PBXNativeTarget;
			buildConfigurationList = DF92A765253DC392005DCCBB /* Build configuration list for PBXNativeTarget "ARSearchShoppingApp" */;
			buildPhases = (
				27C62CC295DC9DA1374A0A95 /* [CP] Check Pods Manifest.lock */,
				DF92A737253DC392005DCCBB /* Sources */,
				DF92A738253DC392005DCCBB /* Frameworks */,
				DF92A739253DC392005DCCBB /* Resources */,
				E112B6C28B6ADB19765853D2 /* [CP] Embed Pods Frameworks */,
			);
			buildRules = (
			);
			dependencies = (
			);
			name = ARSearchShoppingApp;
			productName = ARSearchShoppingApp;
			productReference = DF92A73B253DC392005DCCBB /* ARSearchShoppingApp.app */;
			productType = "com.apple.product-type.application";
		};
		DF92A750253DC392005DCCBB /* ARSearchShoppingAppTests */ = {
			isa = PBXNativeTarget;
			buildConfigurationList = DF92A768253DC392005DCCBB /* Build configuration list for PBXNativeTarget "ARSearchShoppingAppTests" */;
			buildPhases = (
				38C13E7B5B60D8E62D02938D /* [CP] Check Pods Manifest.lock */,
				DF92A74D253DC392005DCCBB /* Sources */,
				DF92A74E253DC392005DCCBB /* Frameworks */,
				DF92A74F253DC392005DCCBB /* Resources */,
			);
			buildRules = (
			);
			dependencies = (
				DF92A753253DC392005DCCBB /* PBXTargetDependency */,
			);
			name = ARSearchShoppingAppTests;
			productName = ARSearchShoppingAppTests;
			productReference = DF92A751253DC392005DCCBB /* ARSearchShoppingAppTests.xctest */;
			productType = "com.apple.product-type.bundle.unit-test";
		};
		DF92A75B253DC392005DCCBB /* ARSearchShoppingAppUITests */ = {
			isa = PBXNativeTarget;
			buildConfigurationList = DF92A76B253DC392005DCCBB /* Build configuration list for PBXNativeTarget "ARSearchShoppingAppUITests" */;
			buildPhases = (
				373C7948BC5E1F5C369F107B /* [CP] Check Pods Manifest.lock */,
				DF92A758253DC392005DCCBB /* Sources */,
				DF92A759253DC392005DCCBB /* Frameworks */,
				DF92A75A253DC392005DCCBB /* Resources */,
				8ADB029782EADA27225605AA /* [CP] Embed Pods Frameworks */,
			);
			buildRules = (
			);
			dependencies = (
				DF92A75E253DC392005DCCBB /* PBXTargetDependency */,
			);
			name = ARSearchShoppingAppUITests;
			productName = ARSearchShoppingAppUITests;
			productReference = DF92A75C253DC392005DCCBB /* ARSearchShoppingAppUITests.xctest */;
			productType = "com.apple.product-type.bundle.ui-testing";
		};
/* End PBXNativeTarget section */

/* Begin PBXProject section */
		DF92A733253DC392005DCCBB /* Project object */ = {
			isa = PBXProject;
			attributes = {
				LastSwiftUpdateCheck = 1200;
				LastUpgradeCheck = 1200;
				TargetAttributes = {
					DF92A73A253DC392005DCCBB = {
						CreatedOnToolsVersion = 12.0.1;
					};
					DF92A750253DC392005DCCBB = {
						CreatedOnToolsVersion = 12.0.1;
						TestTargetID = DF92A73A253DC392005DCCBB;
					};
					DF92A75B253DC392005DCCBB = {
						CreatedOnToolsVersion = 12.0.1;
						TestTargetID = DF92A73A253DC392005DCCBB;
					};
				};
			};
			buildConfigurationList = DF92A736253DC392005DCCBB /* Build configuration list for PBXProject "ARSearchShoppingApp" */;
			compatibilityVersion = "Xcode 9.3";
			developmentRegion = en;
			hasScannedForEncodings = 0;
			knownRegions = (
				en,
				Base,
			);
			mainGroup = DF92A732253DC392005DCCBB;
			productRefGroup = DF92A73C253DC392005DCCBB /* Products */;
			projectDirPath = "";
			projectRoot = "";
			targets = (
				DF92A73A253DC392005DCCBB /* ARSearchShoppingApp */,
				DF92A750253DC392005DCCBB /* ARSearchShoppingAppTests */,
				DF92A75B253DC392005DCCBB /* ARSearchShoppingAppUITests */,
			);
		};
/* End PBXProject section */

/* Begin PBXResourcesBuildPhase section */
		DF92A739253DC392005DCCBB /* Resources */ = {
			isa = PBXResourcesBuildPhase;
			buildActionMask = 2147483647;
			files = (
				DF92A741253DC392005DCCBB /* art.scnassets in Resources */,
				DFE6370D257CCFBC0025C544 /* WinCellar.jpg in Resources */,
				DF01061B2541CAFC003A8AD2 /* Topicon:nn.png in Resources */,
				DFAF89EA256AC30500D2F147 /* heater.jpg in Resources */,
				DFE63717257CD4250025C544 /* kashituki.jpg in Resources */,
				DF0105BA2541B38E003A8AD2 /* Searchicon:Tab.png in Resources */,
				DFAF89A1256A3D9F00D2F147 /* kadenimage.jpg in Resources */,
				DF0106202541CD6D003A8AD2 /* Topicon:nnn.png in Resources */,
				DFAF89D6256AB2C400D2F147 /* Washingmachine.jpg in Resources */,
				DF0106112541C4A0003A8AD2 /* homePR.jpeg in Resources */,
				DFAF89B2256A491900D2F147 /* KadenCollectionViewCell.xib in Resources */,
				DFAF89F2256AC6C800D2F147 /* raice.jpg in Resources */,
				DFAF8A18256C11E500D2F147 /* ARAnimation.json in Resources */,
				DFAF89E5256AC21E00D2F147 /* AirPurifier.jpg in Resources */,
				DF92A74B253DC392005DCCBB /* LaunchScreen.storyboard in Resources */,
				DF92A748253DC392005DCCBB /* Assets.xcassets in Resources */,
				DF0105AF2541B0D7003A8AD2 /* ARicon:Tab.png in Resources */,
				DF92A746253DC392005DCCBB /* Main.storyboard in Resources */,
				DFF33A03256546E400BC8404 /* SearchBtn.png in Resources */,
				DF5E6B982547AD1800401495 /* 1000×1000.png in Resources */,
				DF0105B92541B38E003A8AD2 /* Settingicon:Tab.png in Resources */,
				DFE63712257CD3C70025C544 /* CoffeMaker.jpg in Resources */,
				DFAF89DB256ABAE200D2F147 /* TVimage.jpg in Resources */,
				DFAF89F3256AC6C800D2F147 /* MicroWave.jpg in Resources */,
				DF0105B82541B38E003A8AD2 /* Homeicon:Tab.png in Resources */,
				DFE6371C257CD4B50025C544 /* wineceller1.jpg in Resources */,
				DFAF8997256A2E3200D2F147 /* ARHomeBackgraund.jpg in Resources */,
				DF01060C2541BD2F003A8AD2 /* TopiconNavigationBarTitle.png in Resources */,
				DF92A77E253DE835005DCCBB /* Noimage-6.jpg in Resources */,
				DF0105B72541B38E003A8AD2 /* Staricon:Tab.png in Resources */,
				DFAF89CC256A691100D2F147 /* GoogleService-Info.plist in Resources */,
				DF0106162541CA8A003A8AD2 /* Topicon:n.png in Resources */,
				DFAF89E0256ABC9100D2F147 /* TVbackimage.jpeg in Resources */,
				DFAF89A6256A3DA500D2F147 /* interiorimage.jpg in Resources */,
				DF55D68025761C2B006A94FA /* TapAnimation.json in Resources */,
				DFAF89F1256AC6C800D2F147 /* refrigerator.jpg in Resources */,
			);
			runOnlyForDeploymentPostprocessing = 0;
		};
		DF92A74F253DC392005DCCBB /* Resources */ = {
			isa = PBXResourcesBuildPhase;
			buildActionMask = 2147483647;
			files = (
			);
			runOnlyForDeploymentPostprocessing = 0;
		};
		DF92A75A253DC392005DCCBB /* Resources */ = {
			isa = PBXResourcesBuildPhase;
			buildActionMask = 2147483647;
			files = (
			);
			runOnlyForDeploymentPostprocessing = 0;
		};
/* End PBXResourcesBuildPhase section */

/* Begin PBXShellScriptBuildPhase section */
		27C62CC295DC9DA1374A0A95 /* [CP] Check Pods Manifest.lock */ = {
			isa = PBXShellScriptBuildPhase;
			buildActionMask = 2147483647;
			files = (
			);
			inputFileListPaths = (
			);
			inputPaths = (
				"${PODS_PODFILE_DIR_PATH}/Podfile.lock",
				"${PODS_ROOT}/Manifest.lock",
			);
			name = "[CP] Check Pods Manifest.lock";
			outputFileListPaths = (
			);
			outputPaths = (
				"$(DERIVED_FILE_DIR)/Pods-ARSearchShoppingApp-checkManifestLockResult.txt",
			);
			runOnlyForDeploymentPostprocessing = 0;
			shellPath = /bin/sh;
			shellScript = "diff \"${PODS_PODFILE_DIR_PATH}/Podfile.lock\" \"${PODS_ROOT}/Manifest.lock\" > /dev/null\nif [ $? != 0 ] ; then\n    # print error to STDERR\n    echo \"error: The sandbox is not in sync with the Podfile.lock. Run 'pod install' or update your CocoaPods installation.\" >&2\n    exit 1\nfi\n# This output is used by Xcode 'outputs' to avoid re-running this script phase.\necho \"SUCCESS\" > \"${SCRIPT_OUTPUT_FILE_0}\"\n";
			showEnvVarsInLog = 0;
		};
		373C7948BC5E1F5C369F107B /* [CP] Check Pods Manifest.lock */ = {
			isa = PBXShellScriptBuildPhase;
			buildActionMask = 2147483647;
			files = (
			);
			inputFileListPaths = (
			);
			inputPaths = (
				"${PODS_PODFILE_DIR_PATH}/Podfile.lock",
				"${PODS_ROOT}/Manifest.lock",
			);
			name = "[CP] Check Pods Manifest.lock";
			outputFileListPaths = (
			);
			outputPaths = (
				"$(DERIVED_FILE_DIR)/Pods-ARSearchShoppingApp-ARSearchShoppingAppUITests-checkManifestLockResult.txt",
			);
			runOnlyForDeploymentPostprocessing = 0;
			shellPath = /bin/sh;
			shellScript = "diff \"${PODS_PODFILE_DIR_PATH}/Podfile.lock\" \"${PODS_ROOT}/Manifest.lock\" > /dev/null\nif [ $? != 0 ] ; then\n    # print error to STDERR\n    echo \"error: The sandbox is not in sync with the Podfile.lock. Run 'pod install' or update your CocoaPods installation.\" >&2\n    exit 1\nfi\n# This output is used by Xcode 'outputs' to avoid re-running this script phase.\necho \"SUCCESS\" > \"${SCRIPT_OUTPUT_FILE_0}\"\n";
			showEnvVarsInLog = 0;
		};
		38C13E7B5B60D8E62D02938D /* [CP] Check Pods Manifest.lock */ = {
			isa = PBXShellScriptBuildPhase;
			buildActionMask = 2147483647;
			files = (
			);
			inputFileListPaths = (
			);
			inputPaths = (
				"${PODS_PODFILE_DIR_PATH}/Podfile.lock",
				"${PODS_ROOT}/Manifest.lock",
			);
			name = "[CP] Check Pods Manifest.lock";
			outputFileListPaths = (
			);
			outputPaths = (
				"$(DERIVED_FILE_DIR)/Pods-ARSearchShoppingAppTests-checkManifestLockResult.txt",
			);
			runOnlyForDeploymentPostprocessing = 0;
			shellPath = /bin/sh;
			shellScript = "diff \"${PODS_PODFILE_DIR_PATH}/Podfile.lock\" \"${PODS_ROOT}/Manifest.lock\" > /dev/null\nif [ $? != 0 ] ; then\n    # print error to STDERR\n    echo \"error: The sandbox is not in sync with the Podfile.lock. Run 'pod install' or update your CocoaPods installation.\" >&2\n    exit 1\nfi\n# This output is used by Xcode 'outputs' to avoid re-running this script phase.\necho \"SUCCESS\" > \"${SCRIPT_OUTPUT_FILE_0}\"\n";
			showEnvVarsInLog = 0;
		};
		8ADB029782EADA27225605AA /* [CP] Embed Pods Frameworks */ = {
			isa = PBXShellScriptBuildPhase;
			buildActionMask = 2147483647;
			files = (
			);
			inputFileListPaths = (
				"${PODS_ROOT}/Target Support Files/Pods-ARSearchShoppingApp-ARSearchShoppingAppUITests/Pods-ARSearchShoppingApp-ARSearchShoppingAppUITests-frameworks-${CONFIGURATION}-input-files.xcfilelist",
			);
			name = "[CP] Embed Pods Frameworks";
			outputFileListPaths = (
				"${PODS_ROOT}/Target Support Files/Pods-ARSearchShoppingApp-ARSearchShoppingAppUITests/Pods-ARSearchShoppingApp-ARSearchShoppingAppUITests-frameworks-${CONFIGURATION}-output-files.xcfilelist",
			);
			runOnlyForDeploymentPostprocessing = 0;
			shellPath = /bin/sh;
			shellScript = "\"${PODS_ROOT}/Target Support Files/Pods-ARSearchShoppingApp-ARSearchShoppingAppUITests/Pods-ARSearchShoppingApp-ARSearchShoppingAppUITests-frameworks.sh\"\n";
			showEnvVarsInLog = 0;
		};
		E112B6C28B6ADB19765853D2 /* [CP] Embed Pods Frameworks */ = {
			isa = PBXShellScriptBuildPhase;
			buildActionMask = 2147483647;
			files = (
			);
			inputFileListPaths = (
				"${PODS_ROOT}/Target Support Files/Pods-ARSearchShoppingApp/Pods-ARSearchShoppingApp-frameworks-${CONFIGURATION}-input-files.xcfilelist",
			);
			name = "[CP] Embed Pods Frameworks";
			outputFileListPaths = (
				"${PODS_ROOT}/Target Support Files/Pods-ARSearchShoppingApp/Pods-ARSearchShoppingApp-frameworks-${CONFIGURATION}-output-files.xcfilelist",
			);
			runOnlyForDeploymentPostprocessing = 0;
			shellPath = /bin/sh;
			shellScript = "\"${PODS_ROOT}/Target Support Files/Pods-ARSearchShoppingApp/Pods-ARSearchShoppingApp-frameworks.sh\"\n";
			showEnvVarsInLog = 0;
		};
/* End PBXShellScriptBuildPhase section */

/* Begin PBXSourcesBuildPhase section */
		DF92A737253DC392005DCCBB /* Sources */ = {
			isa = PBXSourcesBuildPhase;
			buildActionMask = 2147483647;
			files = (
				DFA6E408254174E200772BFC /* arTabBarSettingViewController.swift in Sources */,
				DFAF89F8256B7EAD00D2F147 /* SearchResultsViewController.swift in Sources */,
				DFAF89AB256A3EF300D2F147 /* CategoryChoiceViewController.swift in Sources */,
				DFE63721257CE3F00025C544 /* InteriorChoiceViewController.swift in Sources */,
				DF92A743253DC392005DCCBB /* ViewController.swift in Sources */,
				DF92A73F253DC392005DCCBB /* AppDelegate.swift in Sources */,
				DFAF89B1256A491900D2F147 /* KadenCollectionViewCell.swift in Sources */,
				DFAF899C256A2F0600D2F147 /* ARHomeViewController.swift in Sources */,
				DFAF89B7256A4B9C00D2F147 /* ARKadenCategoryChoiceViewController.swift in Sources */,
				DF92A778253DCB09005DCCBB /* HomeViewController.swift in Sources */,
				DF92A79D253FC0FF005DCCBB /* NavigationViewController.swift in Sources */,
				DF92A795253FBE79005DCCBB /* setTabBarViewController.swift in Sources */,
				DFAF89D1256AAF3B00D2F147 /* KadenChoiceViewController.swift in Sources */,
			);
			runOnlyForDeploymentPostprocessing = 0;
		};
		DF92A74D253DC392005DCCBB /* Sources */ = {
			isa = PBXSourcesBuildPhase;
			buildActionMask = 2147483647;
			files = (
				DF92A756253DC392005DCCBB /* ARSearchShoppingAppTests.swift in Sources */,
			);
			runOnlyForDeploymentPostprocessing = 0;
		};
		DF92A758253DC392005DCCBB /* Sources */ = {
			isa = PBXSourcesBuildPhase;
			buildActionMask = 2147483647;
			files = (
				DF92A761253DC392005DCCBB /* ARSearchShoppingAppUITests.swift in Sources */,
			);
			runOnlyForDeploymentPostprocessing = 0;
		};
/* End PBXSourcesBuildPhase section */

/* Begin PBXTargetDependency section */
		DF92A753253DC392005DCCBB /* PBXTargetDependency */ = {
			isa = PBXTargetDependency;
			target = DF92A73A253DC392005DCCBB /* ARSearchShoppingApp */;
			targetProxy = DF92A752253DC392005DCCBB /* PBXContainerItemProxy */;
		};
		DF92A75E253DC392005DCCBB /* PBXTargetDependency */ = {
			isa = PBXTargetDependency;
			target = DF92A73A253DC392005DCCBB /* ARSearchShoppingApp */;
			targetProxy = DF92A75D253DC392005DCCBB /* PBXContainerItemProxy */;
		};
/* End PBXTargetDependency section */

/* Begin PBXVariantGroup section */
		DF92A744253DC392005DCCBB /* Main.storyboard */ = {
			isa = PBXVariantGroup;
			children = (
				DF92A745253DC392005DCCBB /* Base */,
			);
			name = Main.storyboard;
			sourceTree = "<group>";
		};
		DF92A749253DC392005DCCBB /* LaunchScreen.storyboard */ = {
			isa = PBXVariantGroup;
			children = (
				DF92A74A253DC392005DCCBB /* Base */,
			);
			name = LaunchScreen.storyboard;
			sourceTree = "<group>";
		};
/* End PBXVariantGroup section */

/* Begin XCBuildConfiguration section */
		DF92A763253DC392005DCCBB /* Debug */ = {
			isa = XCBuildConfiguration;
			buildSettings = {
				ALWAYS_SEARCH_USER_PATHS = NO;
				CLANG_ANALYZER_NONNULL = YES;
				CLANG_ANALYZER_NUMBER_OBJECT_CONVERSION = YES_AGGRESSIVE;
				CLANG_CXX_LANGUAGE_STANDARD = "gnu++14";
				CLANG_CXX_LIBRARY = "libc++";
				CLANG_ENABLE_MODULES = YES;
				CLANG_ENABLE_OBJC_ARC = YES;
				CLANG_ENABLE_OBJC_WEAK = YES;
				CLANG_WARN_BLOCK_CAPTURE_AUTORELEASING = YES;
				CLANG_WARN_BOOL_CONVERSION = YES;
				CLANG_WARN_COMMA = YES;
				CLANG_WARN_CONSTANT_CONVERSION = YES;
				CLANG_WARN_DEPRECATED_OBJC_IMPLEMENTATIONS = YES;
				CLANG_WARN_DIRECT_OBJC_ISA_USAGE = YES_ERROR;
				CLANG_WARN_DOCUMENTATION_COMMENTS = YES;
				CLANG_WARN_EMPTY_BODY = YES;
				CLANG_WARN_ENUM_CONVERSION = YES;
				CLANG_WARN_INFINITE_RECURSION = YES;
				CLANG_WARN_INT_CONVERSION = YES;
				CLANG_WARN_NON_LITERAL_NULL_CONVERSION = YES;
				CLANG_WARN_OBJC_IMPLICIT_RETAIN_SELF = YES;
				CLANG_WARN_OBJC_LITERAL_CONVERSION = YES;
				CLANG_WARN_OBJC_ROOT_CLASS = YES_ERROR;
				CLANG_WARN_QUOTED_INCLUDE_IN_FRAMEWORK_HEADER = YES;
				CLANG_WARN_RANGE_LOOP_ANALYSIS = YES;
				CLANG_WARN_STRICT_PROTOTYPES = YES;
				CLANG_WARN_SUSPICIOUS_MOVE = YES;
				CLANG_WARN_UNGUARDED_AVAILABILITY = YES_AGGRESSIVE;
				CLANG_WARN_UNREACHABLE_CODE = YES;
				CLANG_WARN__DUPLICATE_METHOD_MATCH = YES;
				COPY_PHASE_STRIP = NO;
				DEBUG_INFORMATION_FORMAT = dwarf;
				ENABLE_STRICT_OBJC_MSGSEND = YES;
				ENABLE_TESTABILITY = YES;
				GCC_C_LANGUAGE_STANDARD = gnu11;
				GCC_DYNAMIC_NO_PIC = NO;
				GCC_NO_COMMON_BLOCKS = YES;
				GCC_OPTIMIZATION_LEVEL = 0;
				GCC_PREPROCESSOR_DEFINITIONS = (
					"DEBUG=1",
					"$(inherited)",
				);
				GCC_WARN_64_TO_32_BIT_CONVERSION = YES;
				GCC_WARN_ABOUT_RETURN_TYPE = YES_ERROR;
				GCC_WARN_UNDECLARED_SELECTOR = YES;
				GCC_WARN_UNINITIALIZED_AUTOS = YES_AGGRESSIVE;
				GCC_WARN_UNUSED_FUNCTION = YES;
				GCC_WARN_UNUSED_VARIABLE = YES;
				IPHONEOS_DEPLOYMENT_TARGET = 14.0;
				MTL_ENABLE_DEBUG_INFO = INCLUDE_SOURCE;
				MTL_FAST_MATH = YES;
				ONLY_ACTIVE_ARCH = YES;
				SDKROOT = iphoneos;
				SWIFT_ACTIVE_COMPILATION_CONDITIONS = DEBUG;
				SWIFT_OPTIMIZATION_LEVEL = "-Onone";
			};
			name = Debug;
		};
		DF92A764253DC392005DCCBB /* Release */ = {
			isa = XCBuildConfiguration;
			buildSettings = {
				ALWAYS_SEARCH_USER_PATHS = NO;
				CLANG_ANALYZER_NONNULL = YES;
				CLANG_ANALYZER_NUMBER_OBJECT_CONVERSION = YES_AGGRESSIVE;
				CLANG_CXX_LANGUAGE_STANDARD = "gnu++14";
				CLANG_CXX_LIBRARY = "libc++";
				CLANG_ENABLE_MODULES = YES;
				CLANG_ENABLE_OBJC_ARC = YES;
				CLANG_ENABLE_OBJC_WEAK = YES;
				CLANG_WARN_BLOCK_CAPTURE_AUTORELEASING = YES;
				CLANG_WARN_BOOL_CONVERSION = YES;
				CLANG_WARN_COMMA = YES;
				CLANG_WARN_CONSTANT_CONVERSION = YES;
				CLANG_WARN_DEPRECATED_OBJC_IMPLEMENTATIONS = YES;
				CLANG_WARN_DIRECT_OBJC_ISA_USAGE = YES_ERROR;
				CLANG_WARN_DOCUMENTATION_COMMENTS = YES;
				CLANG_WARN_EMPTY_BODY = YES;
				CLANG_WARN_ENUM_CONVERSION = YES;
				CLANG_WARN_INFINITE_RECURSION = YES;
				CLANG_WARN_INT_CONVERSION = YES;
				CLANG_WARN_NON_LITERAL_NULL_CONVERSION = YES;
				CLANG_WARN_OBJC_IMPLICIT_RETAIN_SELF = YES;
				CLANG_WARN_OBJC_LITERAL_CONVERSION = YES;
				CLANG_WARN_OBJC_ROOT_CLASS = YES_ERROR;
				CLANG_WARN_QUOTED_INCLUDE_IN_FRAMEWORK_HEADER = YES;
				CLANG_WARN_RANGE_LOOP_ANALYSIS = YES;
				CLANG_WARN_STRICT_PROTOTYPES = YES;
				CLANG_WARN_SUSPICIOUS_MOVE = YES;
				CLANG_WARN_UNGUARDED_AVAILABILITY = YES_AGGRESSIVE;
				CLANG_WARN_UNREACHABLE_CODE = YES;
				CLANG_WARN__DUPLICATE_METHOD_MATCH = YES;
				COPY_PHASE_STRIP = NO;
				DEBUG_INFORMATION_FORMAT = "dwarf-with-dsym";
				ENABLE_NS_ASSERTIONS = NO;
				ENABLE_STRICT_OBJC_MSGSEND = YES;
				GCC_C_LANGUAGE_STANDARD = gnu11;
				GCC_NO_COMMON_BLOCKS = YES;
				GCC_WARN_64_TO_32_BIT_CONVERSION = YES;
				GCC_WARN_ABOUT_RETURN_TYPE = YES_ERROR;
				GCC_WARN_UNDECLARED_SELECTOR = YES;
				GCC_WARN_UNINITIALIZED_AUTOS = YES_AGGRESSIVE;
				GCC_WARN_UNUSED_FUNCTION = YES;
				GCC_WARN_UNUSED_VARIABLE = YES;
				IPHONEOS_DEPLOYMENT_TARGET = 14.0;
				MTL_ENABLE_DEBUG_INFO = NO;
				MTL_FAST_MATH = YES;
				SDKROOT = iphoneos;
				SWIFT_COMPILATION_MODE = wholemodule;
				SWIFT_OPTIMIZATION_LEVEL = "-O";
				VALIDATE_PRODUCT = YES;
			};
			name = Release;
		};
		DF92A766253DC392005DCCBB /* Debug */ = {
			isa = XCBuildConfiguration;
			baseConfigurationReference = F1251BAB0BFDC3C0ABA26AAE /* Pods-ARSearchShoppingApp.debug.xcconfig */;
			buildSettings = {
				ASSETCATALOG_COMPILER_APPICON_NAME = AppIcon;
				ASSETCATALOG_COMPILER_GLOBAL_ACCENT_COLOR_NAME = AccentColor;
				CODE_SIGN_STYLE = Automatic;
				DEVELOPMENT_TEAM = 8CDS4RQQHP;
				INFOPLIST_FILE = ARSearchShoppingApp/Info.plist;
				LD_RUNPATH_SEARCH_PATHS = (
					"$(inherited)",
					"@executable_path/Frameworks",
				);
				PRODUCT_BUNDLE_IDENTIFIER = com.Aplaice.ARSearchShoppingApp;
				PRODUCT_NAME = "$(TARGET_NAME)";
				SWIFT_VERSION = 5.0;
				TARGETED_DEVICE_FAMILY = "1,2";
			};
			name = Debug;
		};
		DF92A767253DC392005DCCBB /* Release */ = {
			isa = XCBuildConfiguration;
			baseConfigurationReference = 06E2D71AE3FD49BFA6C6E5D2 /* Pods-ARSearchShoppingApp.release.xcconfig */;
			buildSettings = {
				ASSETCATALOG_COMPILER_APPICON_NAME = AppIcon;
				ASSETCATALOG_COMPILER_GLOBAL_ACCENT_COLOR_NAME = AccentColor;
				CODE_SIGN_STYLE = Automatic;
				DEVELOPMENT_TEAM = 8CDS4RQQHP;
				INFOPLIST_FILE = ARSearchShoppingApp/Info.plist;
				LD_RUNPATH_SEARCH_PATHS = (
					"$(inherited)",
					"@executable_path/Frameworks",
				);
				PRODUCT_BUNDLE_IDENTIFIER = com.Aplaice.ARSearchShoppingApp;
				PRODUCT_NAME = "$(TARGET_NAME)";
				SWIFT_VERSION = 5.0;
				TARGETED_DEVICE_FAMILY = "1,2";
			};
			name = Release;
		};
		DF92A769253DC392005DCCBB /* Debug */ = {
			isa = XCBuildConfiguration;
			baseConfigurationReference = 265A708E42EA24C94D78FFEF /* Pods-ARSearchShoppingAppTests.debug.xcconfig */;
			buildSettings = {
				ALWAYS_EMBED_SWIFT_STANDARD_LIBRARIES = YES;
				BUNDLE_LOADER = "$(TEST_HOST)";
				CODE_SIGN_STYLE = Automatic;
				DEVELOPMENT_TEAM = 8CDS4RQQHP;
				INFOPLIST_FILE = ARSearchShoppingAppTests/Info.plist;
				IPHONEOS_DEPLOYMENT_TARGET = 14.0;
				LD_RUNPATH_SEARCH_PATHS = (
					"$(inherited)",
					"@executable_path/Frameworks",
					"@loader_path/Frameworks",
				);
				PRODUCT_BUNDLE_IDENTIFIER = com.Aplaice.ARSearchShoppingAppTests;
				PRODUCT_NAME = "$(TARGET_NAME)";
				SWIFT_VERSION = 5.0;
				TARGETED_DEVICE_FAMILY = "1,2";
				TEST_HOST = "$(BUILT_PRODUCTS_DIR)/ARSearchShoppingApp.app/ARSearchShoppingApp";
			};
			name = Debug;
		};
		DF92A76A253DC392005DCCBB /* Release */ = {
			isa = XCBuildConfiguration;
			baseConfigurationReference = 4B54938BE16E702F249A9AD1 /* Pods-ARSearchShoppingAppTests.release.xcconfig */;
			buildSettings = {
				ALWAYS_EMBED_SWIFT_STANDARD_LIBRARIES = YES;
				BUNDLE_LOADER = "$(TEST_HOST)";
				CODE_SIGN_STYLE = Automatic;
				DEVELOPMENT_TEAM = 8CDS4RQQHP;
				INFOPLIST_FILE = ARSearchShoppingAppTests/Info.plist;
				IPHONEOS_DEPLOYMENT_TARGET = 14.0;
				LD_RUNPATH_SEARCH_PATHS = (
					"$(inherited)",
					"@executable_path/Frameworks",
					"@loader_path/Frameworks",
				);
				PRODUCT_BUNDLE_IDENTIFIER = com.Aplaice.ARSearchShoppingAppTests;
				PRODUCT_NAME = "$(TARGET_NAME)";
				SWIFT_VERSION = 5.0;
				TARGETED_DEVICE_FAMILY = "1,2";
				TEST_HOST = "$(BUILT_PRODUCTS_DIR)/ARSearchShoppingApp.app/ARSearchShoppingApp";
			};
			name = Release;
		};
		DF92A76C253DC392005DCCBB /* Debug */ = {
			isa = XCBuildConfiguration;
			baseConfigurationReference = F93D376299CF119778C8D5FF /* Pods-ARSearchShoppingApp-ARSearchShoppingAppUITests.debug.xcconfig */;
			buildSettings = {
				ALWAYS_EMBED_SWIFT_STANDARD_LIBRARIES = YES;
				CODE_SIGN_STYLE = Automatic;
				DEVELOPMENT_TEAM = 8CDS4RQQHP;
				INFOPLIST_FILE = ARSearchShoppingAppUITests/Info.plist;
				LD_RUNPATH_SEARCH_PATHS = (
					"$(inherited)",
					"@executable_path/Frameworks",
					"@loader_path/Frameworks",
				);
				PRODUCT_BUNDLE_IDENTIFIER = com.Aplaice.ARSearchShoppingAppUITests;
				PRODUCT_NAME = "$(TARGET_NAME)";
				SWIFT_VERSION = 5.0;
				TARGETED_DEVICE_FAMILY = "1,2";
				TEST_TARGET_NAME = ARSearchShoppingApp;
			};
			name = Debug;
		};
		DF92A76D253DC392005DCCBB /* Release */ = {
			isa = XCBuildConfiguration;
			baseConfigurationReference = A16E23F209C350EEE8D48E72 /* Pods-ARSearchShoppingApp-ARSearchShoppingAppUITests.release.xcconfig */;
			buildSettings = {
				ALWAYS_EMBED_SWIFT_STANDARD_LIBRARIES = YES;
				CODE_SIGN_STYLE = Automatic;
				DEVELOPMENT_TEAM = 8CDS4RQQHP;
				INFOPLIST_FILE = ARSearchShoppingAppUITests/Info.plist;
				LD_RUNPATH_SEARCH_PATHS = (
					"$(inherited)",
					"@executable_path/Frameworks",
					"@loader_path/Frameworks",
				);
				PRODUCT_BUNDLE_IDENTIFIER = com.Aplaice.ARSearchShoppingAppUITests;
				PRODUCT_NAME = "$(TARGET_NAME)";
				SWIFT_VERSION = 5.0;
				TARGETED_DEVICE_FAMILY = "1,2";
				TEST_TARGET_NAME = ARSearchShoppingApp;
			};
			name = Release;
		};
/* End XCBuildConfiguration section */

/* Begin XCConfigurationList section */
		DF92A736253DC392005DCCBB /* Build configuration list for PBXProject "ARSearchShoppingApp" */ = {
			isa = XCConfigurationList;
			buildConfigurations = (
				DF92A763253DC392005DCCBB /* Debug */,
				DF92A764253DC392005DCCBB /* Release */,
			);
			defaultConfigurationIsVisible = 0;
			defaultConfigurationName = Release;
		};
		DF92A765253DC392005DCCBB /* Build configuration list for PBXNativeTarget "ARSearchShoppingApp" */ = {
			isa = XCConfigurationList;
			buildConfigurations = (
				DF92A766253DC392005DCCBB /* Debug */,
				DF92A767253DC392005DCCBB /* Release */,
			);
			defaultConfigurationIsVisible = 0;
			defaultConfigurationName = Release;
		};
		DF92A768253DC392005DCCBB /* Build configuration list for PBXNativeTarget "ARSearchShoppingAppTests" */ = {
			isa = XCConfigurationList;
			buildConfigurations = (
				DF92A769253DC392005DCCBB /* Debug */,
				DF92A76A253DC392005DCCBB /* Release */,
			);
			defaultConfigurationIsVisible = 0;
			defaultConfigurationName = Release;
		};
		DF92A76B253DC392005DCCBB /* Build configuration list for PBXNativeTarget "ARSearchShoppingAppUITests" */ = {
			isa = XCConfigurationList;
			buildConfigurations = (
				DF92A76C253DC392005DCCBB /* Debug */,
				DF92A76D253DC392005DCCBB /* Release */,
			);
			defaultConfigurationIsVisible = 0;
			defaultConfigurationName = Release;
		};
/* End XCConfigurationList section */
	};
	rootObject = DF92A733253DC392005DCCBB /* Project object */;
}
